
Microsoft Visual Studio Solution File, Format Version 12.00
# Visual Studio Version 16
VisualStudioVersion = 16.0.29324.140
MinimumVisualStudioVersion = 10.0.40219.1
Project("{9A19103F-16F7-4668-BE54-9A1E7A4F7556}") = "Azure.ServiceBus.Polly.Messaging", "Azure.ServiceBus.Polly.Messaging\Azure.ServiceBus.Polly.Messaging.csproj", "{48F7FF14-1AFB-4145-A80C-26F7399D233C}"
EndProject
Project("{2150E333-8FDC-42A3-9474-1A3956D46DE8}") = "Solution Items", "Solution Items", "{186A8A1C-A17F-4BB0-A0F5-BF59F5C54E0E}"
	ProjectSection(SolutionItems) = preProject
		..\README.md = ..\README.md
	EndProjectSection
EndProject
Global
	GlobalSection(SolutionConfigurationPlatforms) = preSolution
		Debug|Any CPU = Debug|Any CPU
		Release|Any CPU = Release|Any CPU
	EndGlobalSection
	GlobalSection(ProjectConfigurationPlatforms) = postSolution
		{48F7FF14-1AFB-4145-A80C-26F7399D233C}.Debug|Any CPU.ActiveCfg = Debug|Any CPU
		{48F7FF14-1AFB-4145-A80C-26F7399D233C}.Debug|Any CPU.Build.0 = Debug|Any CPU
		{48F7FF14-1AFB-4145-A80C-26F7399D233C}.Release|Any CPU.ActiveCfg = Release|Any CPU
		{48F7FF14-1AFB-4145-A80C-26F7399D233C}.Release|Any CPU.Build.0 = Release|Any CPU
	EndGlobalSection
	GlobalSection(SolutionProperties) = preSolution
		HideSolutionNode = FALSE
	EndGlobalSection
	GlobalSection(ExtensibilityGlobals) = postSolution
		SolutionGuid = {D4FC1FBB-2130-4123-A609-D1D52ED9E0BD}
	EndGlobalSection
EndGlobal
